Microsoft Visual Studio Solution File, Format Version 12.00
# Visual Studio Version 17
VisualStudioVersion = 17.5.2.0
MinimumVisualStudioVersion = 10.0.40219.1
Project("{FAE04EC0-301F-11D3-BF4B-00C04F79EFBC}") = "HellowApp", "HellowApp\HellowApp.csproj", "{4B227672-2C6A-5982-AB97-2FC21C420D09}"
EndProject
Global
	GlobalSection(SolutionConfigurationPlatforms) = preSolution
		Debug|Any CPU = Debug|Any CPU
		Release|Any CPU = Release|Any CPU
	EndGlobalSection
	GlobalSection(ProjectConfigurationPlatforms) = postSolution
		{4B227672-2C6A-5982-AB97-2FC21C420D09}.Debug|Any CPU.ActiveCfg = Debug|Any CPU
		{4B227672-2C6A-5982-AB97-2FC21C420D09}.Debug|Any CPU.Build.0 = Debug|Any CPU
		{4B227672-2C6A-5982-AB97-2FC21C420D09}.Release|Any CPU.ActiveCfg = Release|Any CPU
		{4B227672-2C6A-5982-AB97-2FC21C420D09}.Release|Any CPU.Build.0 = Release|Any CPU
	EndGlobalSection
	GlobalSection(SolutionProperties) = preSolution
		HideSolutionNode = FALSE
	EndGlobalSection
	GlobalSection(ExtensibilityGlobals) = postSolution
		SolutionGuid = {808448C3-494B-425D-BA4E-D5D549DC8C42}
	EndGlobalSection
EndGlobal
